<?xml version="1.0" encoding="utf-8"?>
<Project ToolsVersion="4.0" xmlns="http://schemas.microsoft.com/developer/msbuild/2003">
  <ItemGroup>
    <ClCompile Include="Account.cpp" />
    <ClCompile Include="Author.cpp" />
    <ClCompile Include="Book.cpp" />
    <ClCompile Include="BorrowingRecord.cpp" />
    <ClCompile Include="BorrowingRecordManagement.cpp" />
    <ClCompile Include="Library.cpp" />
    <ClCompile Include="LibraryStaff.cpp" />
    <ClCompile Include="ListAuthor.cpp" />
    <ClCompile Include="ListOrder.cpp" />
    <ClCompile Include="Patron.cpp" />
    <ClCompile Include="PatronMangement.cpp" />
    <ClCompile Include="Project.cpp" />
    <ClCompile Include="PublishingHouse.cpp" />
    <ClCompile Include="PurchaseOrder.cpp" />
    <ClCompile Include="Catalogue.cpp" />
  </ItemGroup>
  <ItemGroup>
    <ClInclude Include="Account.h" />
    <ClInclude Include="Author.h" />
    <ClInclude Include="BasicType.h" />
    <ClInclude Include="Book.h" />
    <ClInclude Include="BorrowingRecord.h" />
    <ClInclude Include="BorrowingRecordManagement.h" />
    <ClInclude Include="Library.h" />
    <ClInclude Include="LibraryStaff.h" />
    <ClInclude Include="ListAuthor.h" />
    <ClInclude Include="ListOrder.h" />
    <ClInclude Include="Patron.h" />
    <ClInclude Include="PatronMangement.h" />
    <ClInclude Include="PublishingHouse.h" />
    <ClInclude Include="PurchaseOrder.h" />
    <ClInclude Include="Catalogue.h" />
  </ItemGroup>
</Project>